
Microsoft Visual Studio Solution File, Format Version 12.00
# Visual Studio 15
VisualStudioVersion = 15.0.28307.168
MinimumVisualStudioVersion = 10.0.40219.1
Project("{FAE04EC0-301F-11D3-BF4B-00C04F79EFBC}") = "ci_netcore2", "ci_netcore2\ci_netcore2.csproj", "{444175AC-888A-4FAF-9236-70151F77B5A5}"
EndProject
Project("{FAE04EC0-301F-11D3-BF4B-00C04F79EFBC}") = "UnitTestProject1", "UnitTestProject1\UnitTestProject1.csproj", "{DDAA9420-8567-4A5C-A745-BBD78BC848D0}"
EndProject
Global
	GlobalSection(SolutionConfigurationPlatforms) = preSolution
		Debug|Any CPU = Debug|Any CPU
		Release|Any CPU = Release|Any CPU
	EndGlobalSection
	GlobalSection(ProjectConfigurationPlatforms) = postSolution
		{444175AC-888A-4FAF-9236-70151F77B5A5}.Debug|Any CPU.ActiveCfg = Debug|Any CPU
		{444175AC-888A-4FAF-9236-70151F77B5A5}.Debug|Any CPU.Build.0 = Debug|Any CPU
		{444175AC-888A-4FAF-9236-70151F77B5A5}.Release|Any CPU.ActiveCfg = Release|Any CPU
		{444175AC-888A-4FAF-9236-70151F77B5A5}.Release|Any CPU.Build.0 = Release|Any CPU
		{DDAA9420-8567-4A5C-A745-BBD78BC848D0}.Debug|Any CPU.ActiveCfg = Debug|Any CPU
		{DDAA9420-8567-4A5C-A745-BBD78BC848D0}.Debug|Any CPU.Build.0 = Debug|Any CPU
		{DDAA9420-8567-4A5C-A745-BBD78BC848D0}.Release|Any CPU.ActiveCfg = Release|Any CPU
		{DDAA9420-8567-4A5C-A745-BBD78BC848D0}.Release|Any CPU.Build.0 = Release|Any CPU
	EndGlobalSection
	GlobalSection(SolutionProperties) = preSolution
		HideSolutionNode = FALSE
	EndGlobalSection
	GlobalSection(ExtensibilityGlobals) = postSolution
		SolutionGuid = {2814A335-CF7F-4726-BFB9-0AF7FCFB4418}
	EndGlobalSection
EndGlobal
